
Microsoft Visual Studio Solution File, Format Version 12.00
# Visual Studio Version 17
VisualStudioVersion = 17.7.34018.315
MinimumVisualStudioVersion = 10.0.40219.1
Project("{FAE04EC0-301F-11D3-BF4B-00C04F79EFBC}") = "GameProject0", "GameProject0\GameProject0.csproj", "{BBBE55DF-8364-430A-BC92-B053E34AA63B}"
EndProject
Global
	GlobalSection(SolutionConfigurationPlatforms) = preSolution
		Debug|Any CPU = Debug|Any CPU
		Release|Any CPU = Release|Any CPU
	EndGlobalSection
	GlobalSection(ProjectConfigurationPlatforms) = postSolution
		{BBBE55DF-8364-430A-BC92-B053E34AA63B}.Debug|Any CPU.ActiveCfg = Debug|Any CPU
		{BBBE55DF-8364-430A-BC92-B053E34AA63B}.Debug|Any CPU.Build.0 = Debug|Any CPU
		{BBBE55DF-8364-430A-BC92-B053E34AA63B}.Release|Any CPU.ActiveCfg = Release|Any CPU
		{BBBE55DF-8364-430A-BC92-B053E34AA63B}.Release|Any CPU.Build.0 = Release|Any CPU
	EndGlobalSection
	GlobalSection(SolutionProperties) = preSolution
		HideSolutionNode = FALSE
	EndGlobalSection
	GlobalSection(ExtensibilityGlobals) = postSolution
		SolutionGuid = {84378689-2736-41F7-B3AC-CF90B09628FE}
	EndGlobalSection
EndGlobal
